
Microsoft Visual Studio Solution File, Format Version 12.00
# Visual Studio 15
VisualStudioVersion = 15.0.28307.1062
MinimumVisualStudioVersion = 10.0.40219.1
Project("{FAE04EC0-301F-11D3-BF4B-00C04F79EFBC}") = "WebApplication_CayCanhOnline", "WebApplication_CayCanhOnline\WebApplication_CayCanhOnline.csproj", "{77551849-016E-4A9C-93CA-6DEF4EABA10F}"
EndProject
Global
	GlobalSection(SolutionConfigurationPlatforms) = preSolution
		Debug|Any CPU = Debug|Any CPU
		Release|Any CPU = Release|Any CPU
	EndGlobalSection
	GlobalSection(ProjectConfigurationPlatforms) = postSolution
		{77551849-016E-4A9C-93CA-6DEF4EABA10F}.Debug|Any CPU.ActiveCfg = Debug|Any CPU
		{77551849-016E-4A9C-93CA-6DEF4EABA10F}.Debug|Any CPU.Build.0 = Debug|Any CPU
		{77551849-016E-4A9C-93CA-6DEF4EABA10F}.Release|Any CPU.ActiveCfg = Release|Any CPU
		{77551849-016E-4A9C-93CA-6DEF4EABA10F}.Release|Any CPU.Build.0 = Release|Any CPU
	EndGlobalSection
	GlobalSection(SolutionProperties) = preSolution
		HideSolutionNode = FALSE
	EndGlobalSection
	GlobalSection(ExtensibilityGlobals) = postSolution
		SolutionGuid = {3C22F9D9-7E9C-4AA3-ADF3-71280AF22BE0}
	EndGlobalSection
EndGlobal
